
Microsoft Visual Studio Solution File, Format Version 11.00
# Visual Studio 2010
Project("{FAE04EC0-301F-11D3-BF4B-00C04F79EFBC}") = "Assembly-CSharp", "Assembly-CSharp.csproj", "{9f4b41b4-9050-4fa4-48ed-f0ed20a9cdd3}"
EndProject
Project("{FAE04EC0-301F-11D3-BF4B-00C04F79EFBC}") = "Assembly-CSharp-Editor", "Assembly-CSharp-Editor.csproj", "{85059599-c161-1ade-75dc-16870e1cb01b}"
EndProject
Global
	GlobalSection(SolutionConfigurationPlatforms) = preSolution
		Debug|Any CPU = Debug|Any CPU
		Release|Any CPU = Release|Any CPU
	EndGlobalSection
	GlobalSection(ProjectConfigurationPlatforms) = postSolution
		{9f4b41b4-9050-4fa4-48ed-f0ed20a9cdd3}.Debug|Any CPU.ActiveCfg = Debug|Any CPU
		{9f4b41b4-9050-4fa4-48ed-f0ed20a9cdd3}.Debug|Any CPU.Build.0 = Debug|Any CPU
		{9f4b41b4-9050-4fa4-48ed-f0ed20a9cdd3}.Release|Any CPU.ActiveCfg = Release|Any CPU
		{9f4b41b4-9050-4fa4-48ed-f0ed20a9cdd3}.Release|Any CPU.Build.0 = Release|Any CPU
		{85059599-c161-1ade-75dc-16870e1cb01b}.Debug|Any CPU.ActiveCfg = Debug|Any CPU
		{85059599-c161-1ade-75dc-16870e1cb01b}.Debug|Any CPU.Build.0 = Debug|Any CPU
		{85059599-c161-1ade-75dc-16870e1cb01b}.Release|Any CPU.ActiveCfg = Release|Any CPU
		{85059599-c161-1ade-75dc-16870e1cb01b}.Release|Any CPU.Build.0 = Release|Any CPU
	EndGlobalSection
	GlobalSection(SolutionProperties) = preSolution
		HideSolutionNode = FALSE
	EndGlobalSection
EndGlobal
